
Microsoft Visual Studio Solution File, Format Version 12.00
# Visual Studio Version 16
VisualStudioVersion = 16.0.31019.35
MinimumVisualStudioVersion = 10.0.40219.1
Project("{8BC9CEB8-8B4A-11D0-8D11-00A0C91BC942}") = "NavimeshExporter", "proj.win\NavimeshExporter.proj.win.vcxproj", "{58174DDC-6AFB-4633-A29F-62DEBDA5D6D5}"
EndProject
Global
	GlobalSection(SolutionConfigurationPlatforms) = preSolution
		Debug|x64 = Debug|x64
		Debug|x86 = Debug|x86
		Release|x64 = Release|x64
		Release|x86 = Release|x86
	EndGlobalSection
	GlobalSection(ProjectConfigurationPlatforms) = postSolution
		{58174DDC-6AFB-4633-A29F-62DEBDA5D6D5}.Debug|x64.ActiveCfg = Debug|x64
		{58174DDC-6AFB-4633-A29F-62DEBDA5D6D5}.Debug|x64.Build.0 = Debug|x64
		{58174DDC-6AFB-4633-A29F-62DEBDA5D6D5}.Debug|x86.ActiveCfg = Debug|Win32
		{58174DDC-6AFB-4633-A29F-62DEBDA5D6D5}.Debug|x86.Build.0 = Debug|Win32
		{58174DDC-6AFB-4633-A29F-62DEBDA5D6D5}.Release|x64.ActiveCfg = Release|x64
		{58174DDC-6AFB-4633-A29F-62DEBDA5D6D5}.Release|x64.Build.0 = Release|x64
		{58174DDC-6AFB-4633-A29F-62DEBDA5D6D5}.Release|x86.ActiveCfg = Release|Win32
		{58174DDC-6AFB-4633-A29F-62DEBDA5D6D5}.Release|x86.Build.0 = Release|Win32
	EndGlobalSection
	GlobalSection(SolutionProperties) = preSolution
		HideSolutionNode = FALSE
	EndGlobalSection
	GlobalSection(ExtensibilityGlobals) = postSolution
		SolutionGuid = {4F8C1929-A0CE-445B-93F5-2E47601C08B1}
	EndGlobalSection
EndGlobal
